
Microsoft Visual Studio Solution File, Format Version 12.00
# Visual Studio 15
VisualStudioVersion = 15.0.26124.0
MinimumVisualStudioVersion = 15.0.26124.0
Project("{FAE04EC0-301F-11D3-BF4B-00C04F79EFBC}") = "Sandbox", "Sandbox\Sandbox.csproj", "{803AAC2F-3EE1-48C6-B832-7844345B287C}"
EndProject
Project("{FAE04EC0-301F-11D3-BF4B-00C04F79EFBC}") = "Sandbox.Tests", "Sandbox.Tests\Sandbox.Tests.csproj", "{C72A0301-EA24-4DD5-B4F1-48C3235FFB48}"
EndProject
Global
	GlobalSection(SolutionConfigurationPlatforms) = preSolution
		Debug|Any CPU = Debug|Any CPU
		Debug|x64 = Debug|x64
		Debug|x86 = Debug|x86
		Release|Any CPU = Release|Any CPU
		Release|x64 = Release|x64
		Release|x86 = Release|x86
	EndGlobalSection
	GlobalSection(SolutionProperties) = preSolution
		HideSolutionNode = FALSE
	EndGlobalSection
	GlobalSection(ProjectConfigurationPlatforms) = postSolution
		{803AAC2F-3EE1-48C6-B832-7844345B287C}.Debug|Any CPU.ActiveCfg = Debug|Any CPU
		{803AAC2F-3EE1-48C6-B832-7844345B287C}.Debug|Any CPU.Build.0 = Debug|Any CPU
		{803AAC2F-3EE1-48C6-B832-7844345B287C}.Debug|x64.ActiveCfg = Debug|Any CPU
		{803AAC2F-3EE1-48C6-B832-7844345B287C}.Debug|x64.Build.0 = Debug|Any CPU
		{803AAC2F-3EE1-48C6-B832-7844345B287C}.Debug|x86.ActiveCfg = Debug|Any CPU
		{803AAC2F-3EE1-48C6-B832-7844345B287C}.Debug|x86.Build.0 = Debug|Any CPU
		{803AAC2F-3EE1-48C6-B832-7844345B287C}.Release|Any CPU.ActiveCfg = Release|Any CPU
		{803AAC2F-3EE1-48C6-B832-7844345B287C}.Release|Any CPU.Build.0 = Release|Any CPU
		{803AAC2F-3EE1-48C6-B832-7844345B287C}.Release|x64.ActiveCfg = Release|Any CPU
		{803AAC2F-3EE1-48C6-B832-7844345B287C}.Release|x64.Build.0 = Release|Any CPU
		{803AAC2F-3EE1-48C6-B832-7844345B287C}.Release|x86.ActiveCfg = Release|Any CPU
		{803AAC2F-3EE1-48C6-B832-7844345B287C}.Release|x86.Build.0 = Release|Any CPU
		{C72A0301-EA24-4DD5-B4F1-48C3235FFB48}.Debug|Any CPU.ActiveCfg = Debug|Any CPU
		{C72A0301-EA24-4DD5-B4F1-48C3235FFB48}.Debug|Any CPU.Build.0 = Debug|Any CPU
		{C72A0301-EA24-4DD5-B4F1-48C3235FFB48}.Debug|x64.ActiveCfg = Debug|Any CPU
		{C72A0301-EA24-4DD5-B4F1-48C3235FFB48}.Debug|x64.Build.0 = Debug|Any CPU
		{C72A0301-EA24-4DD5-B4F1-48C3235FFB48}.Debug|x86.ActiveCfg = Debug|Any CPU
		{C72A0301-EA24-4DD5-B4F1-48C3235FFB48}.Debug|x86.Build.0 = Debug|Any CPU
		{C72A0301-EA24-4DD5-B4F1-48C3235FFB48}.Release|Any CPU.ActiveCfg = Release|Any CPU
		{C72A0301-EA24-4DD5-B4F1-48C3235FFB48}.Release|Any CPU.Build.0 = Release|Any CPU
		{C72A0301-EA24-4DD5-B4F1-48C3235FFB48}.Release|x64.ActiveCfg = Release|Any CPU
		{C72A0301-EA24-4DD5-B4F1-48C3235FFB48}.Release|x64.Build.0 = Release|Any CPU
		{C72A0301-EA24-4DD5-B4F1-48C3235FFB48}.Release|x86.ActiveCfg = Release|Any CPU
		{C72A0301-EA24-4DD5-B4F1-48C3235FFB48}.Release|x86.Build.0 = Release|Any CPU
	EndGlobalSection
EndGlobal
